// !$*UTF8*$!
{
	archiveVersion = 1;
	classes = {
	};
	objectVersion = 46;
	objects = {

/* Begin PBXBuildFile section */
		010CC030C03B3A9BB40B0BB5 /* Pods_GooglePlacesAutoComplete.framework in Frameworks */ = {isa = PBXBuildFile; fileRef = 4D2E081586BD6477253D4892 /* Pods_GooglePlacesAutoComplete.framework */; };
		3C4793AF1E85B9DF00E6F29D /* AppDelegate.swift in Sources */ = {isa = PBXBuildFile; fileRef = 3C4793AE1E85B9DF00E6F29D /* AppDelegate.swift */; };
		3C4793B11E85B9DF00E6F29D /* ViewController.swift in Sources */ = {isa = PBXBuildFile; fileRef = 3C4793B01E85B9DF00E6F29D /* ViewController.swift */; };
		3C4793B41E85B9DF00E6F29D /* Main.storyboard in Resources */ = {isa = PBXBuildFile; fileRef = 3C4793B21E85B9DF00E6F29D /* Main.storyboard */; };
		3C4793B61E85B9DF00E6F29D /* Assets.xcassets in Resources */ = {isa = PBXBuildFile; fileRef = 3C4793B51E85B9DF00E6F29D /* Assets.xcassets */; };
		3C4793B91E85B9DF00E6F29D /* LaunchScreen.storyboard in Resources */ = {isa = PBXBuildFile; fileRef = 3C4793B71E85B9DF00E6F29D /* LaunchScreen.storyboard */; };
/* End PBXBuildFile section */

/* Begin PBXFileReference section */
		36AE994C3A4A1AAAE37423C8 /* Pods-GooglePlacesAutoComplete.debug.xcconfig */ = {isa = PBXFileReference; includeInIndex = 1; lastKnownFileType = text.xcconfig; name = "Pods-GooglePlacesAutoComplete.debug.xcconfig"; path = "Pods/Target Support Files/Pods-GooglePlacesAutoComplete/Pods-GooglePlacesAutoComplete.debug.xcconfig"; sourceTree = "<group>"; };
		3C1D4F856D830C4C0691200F /* Pods-GooglePlacesAutoComplete.release.xcconfig */ = {isa = PBXFileReference; includeInIndex = 1; lastKnownFileType = text.xcconfig; name = "Pods-GooglePlacesAutoComplete.release.xcconfig"; path = "Pods/Target Support Files/Pods-GooglePlacesAutoComplete/Pods-GooglePlacesAutoComplete.release.xcconfig"; sourceTree = "<group>"; };
		3C4793AB1E85B9DF00E6F29D /* GooglePlacesAutoComplete.app */ = {isa = PBXFileReference; explicitFileType = wrapper.application; includeInIndex = 0; path = GooglePlacesAutoComplete.app; sourceTree = BUILT_PRODUCTS_DIR; };
		3C4793AE1E85B9DF00E6F29D /* AppDelegate.swift */ = {isa = PBXFileReference; lastKnownFileType = sourcecode.swift; path = AppDelegate.swift; sourceTree = "<group>"; };
		3C4793B01E85B9DF00E6F29D /* ViewController.swift */ = {isa = PBXFileReference; lastKnownFileType = sourcecode.swift; path = ViewController.swift; sourceTree = "<group>"; };
		3C4793B31E85B9DF00E6F29D /* Base */ = {isa = PBXFileReference; lastKnownFileType = file.storyboard; name = Base; path = Base.lproj/Main.storyboard; sourceTree = "<group>"; };
		3C4793B51E85B9DF00E6F29D /* Assets.xcassets */ = {isa = PBXFileReference; lastKnownFileType = folder.assetcatalog; path = Assets.xcassets; sourceTree = "<group>"; };
		3C4793B81E85B9DF00E6F29D /* Base */ = {isa = PBXFileReference; lastKnownFileType = file.storyboard; name = Base; path = Base.lproj/LaunchScreen.storyboard; sourceTree = "<group>"; };
		3C4793BA1E85B9DF00E6F29D /* Info.plist */ = {isa = PBXFileReference; lastKnownFileType = text.plist.xml; path = Info.plist; sourceTree = "<group>"; };
		4D2E081586BD6477253D4892 /* Pods_GooglePlacesAutoComplete.framework */ = {isa = PBXFileReference; explicitFileType = wrapper.framework; includeInIndex = 0; path = Pods_GooglePlacesAutoComplete.framework; sourceTree = BUILT_PRODUCTS_DIR; };
/* End PBXFileReference section */

/* Begin PBXFrameworksBuildPhase section */
		3C4793A81E85B9DF00E6F29D /* Frameworks */ = {
			isa = PBXFrameworksBuildPhase;
			buildActionMask = 2147483647;
			files = (
				010CC030C03B3A9BB40B0BB5 /* Pods_GooglePlacesAutoComplete.framework in Frameworks */,
			);
			runOnlyForDeploymentPostprocessing = 0;
		};
/* End PBXFrameworksBuildPhase section */

/* Begin PBXGroup section */
		136971804853946B88FB4C68 /* Pods */ = {
			isa = PBXGroup;
			children = (
				36AE994C3A4A1AAAE37423C8 /* Pods-GooglePlacesAutoComplete.debug.xcconfig */,
				3C1D4F856D830C4C0691200F /* Pods-GooglePlacesAutoComplete.release.xcconfig */,
			);
			name = Pods;
			sourceTree = "<group>";
		};
		3C4793A21E85B9DE00E6F29D = {
			isa = PBXGroup;
			children = (
				3C4793AD1E85B9DF00E6F29D /* GooglePlacesAutoComplete */,
				3C4793AC1E85B9DF00E6F29D /* Products */,
				136971804853946B88FB4C68 /* Pods */,
				FFE86D11FEF6C7CD614753B9 /* Frameworks */,
			);
			sourceTree = "<group>";
		};
		3C4793AC1E85B9DF00E6F29D /* Products */ = {
			isa = PBXGroup;
			children = (
				3C4793AB1E85B9DF00E6F29D /* GooglePlacesAutoComplete.app */,
			);
			name = Products;
			sourceTree = "<group>";
		};
		3C4793AD1E85B9DF00E6F29D /* GooglePlacesAutoComplete */ = {
			isa = PBXGroup;
			children = (
				3C4793AE1E85B9DF00E6F29D /* AppDelegate.swift */,
				3C4793B01E85B9DF00E6F29D /* ViewController.swift */,
				3C4793B21E85B9DF00E6F29D /* Main.storyboard */,
				3C4793B51E85B9DF00E6F29D /* Assets.xcassets */,
				3C4793B71E85B9DF00E6F29D /* LaunchScreen.storyboard */,
				3C4793BA1E85B9DF00E6F29D /* Info.plist */,
			);
			path = GooglePlacesAutoComplete;
			sourceTree = "<group>";
		};
		FFE86D11FEF6C7CD614753B9 /* Frameworks */ = {
			isa = PBXGroup;
			children = (
				4D2E081586BD6477253D4892 /* Pods_GooglePlacesAutoComplete.framework */,
			);
			name = Frameworks;
			sourceTree = "<group>";
		};
/* End PBXGroup section */

/* Begin PBXNativeTarget section */
		3C4793AA1E85B9DF00E6F29D /* GooglePlacesAutoComplete */ = {
			isa = PBXNativeTarget;
			buildConfigurationList = 3C4793BD1E85B9DF00E6F29D /* Build configuration list for PBXNativeTarget "GooglePlacesAutoComplete" */;
			buildPhases = (
				5B04EF80C33563B109F238CF /* [CP] Check Pods Manifest.lock */,
				3C4793A71E85B9DF00E6F29D /* Sources */,
				3C4793A81E85B9DF00E6F29D /* Frameworks */,
				3C4793A91E85B9DF00E6F29D /* Resources */,
				CAEF5C99EE2F98C037D70B60 /* [CP] Embed Pods Frameworks */,
				1FAC00F60DC3862162FFEB92 /* [CP] Copy Pods Resources */,
			);
			buildRules = (
			);
			dependencies = (
			);
			name = GooglePlacesAutoComplete;
			productName = GooglePlacesAutoComplete;
			productReference = 3C4793AB1E85B9DF00E6F29D /* GooglePlacesAutoComplete.app */;
			productType = "com.apple.product-type.application";
		};
/* End PBXNativeTarget section */

/* Begin PBXProject section */
		3C4793A31E85B9DE00E6F29D /* Project object */ = {
			isa = PBXProject;
			attributes = {
				LastSwiftUpdateCheck = 0820;
				LastUpgradeCheck = 0820;
				ORGANIZATIONNAME = "Xavier Noel";
				TargetAttributes = {
					3C4793AA1E85B9DF00E6F29D = {
						CreatedOnToolsVersion = 8.2.1;
						ProvisioningStyle = Automatic;
					};
				};
			};
			buildConfigurationList = 3C4793A61E85B9DE00E6F29D /* Build configuration list for PBXProject "GooglePlacesAutoComplete" */;
			compatibilityVersion = "Xcode 3.2";
			developmentRegion = English;
			hasScannedForEncodings = 0;
			knownRegions = (
				en,
				Base,
			);
			mainGroup = 3C4793A21E85B9DE00E6F29D;
			productRefGroup = 3C4793AC1E85B9DF00E6F29D /* Products */;
			projectDirPath = "";
			projectRoot = "";
			targets = (
				3C4793AA1E85B9DF00E6F29D /* GooglePlacesAutoComplete */,
			);
		};
/* End PBXProject section */

/* Begin PBXResourcesBuildPhase section */
		3C4793A91E85B9DF00E6F29D /* Resources */ = {
			isa = PBXResourcesBuildPhase;
			buildActionMask = 2147483647;
			files = (
				3C4793B91E85B9DF00E6F29D /* LaunchScreen.storyboard in Resources */,
				3C4793B61E85B9DF00E6F29D /* Assets.xcassets in Resources */,
				3C4793B41E85B9DF00E6F29D /* Main.storyboard in Resources */,
			);
			runOnlyForDeploymentPostprocessing = 0;
		};
/* End PBXResourcesBuildPhase section */

/* Begin PBXShellScriptBuildPhase section */
		1FAC00F60DC3862162FFEB92 /* [CP] Copy Pods Resources */ = {
			isa = PBXShellScriptBuildPhase;
			buildActionMask = 2147483647;
			files = (
			);
			inputPaths = (
			);
			name = "[CP] Copy Pods Resources";
			outputPaths = (
			);
			runOnlyForDeploymentPostprocessing = 0;
			shellPath = /bin/sh;
			shellScript = "\"${SRCROOT}/Pods/Target Support Files/Pods-GooglePlacesAutoComplete/Pods-GooglePlacesAutoComplete-resources.sh\"\n";
			showEnvVarsInLog = 0;
		};
		5B04EF80C33563B109F238CF /* [CP] Check Pods Manifest.lock */ = {
			isa = PBXShellScriptBuildPhase;
			buildActionMask = 2147483647;
			files = (
			);
			inputPaths = (
			);
			name = "[CP] Check Pods Manifest.lock";
			outputPaths = (
			);
			runOnlyForDeploymentPostprocessing = 0;
			shellPath = /bin/sh;
			shellScript = "diff \"${PODS_ROOT}/../Podfile.lock\" \"${PODS_ROOT}/Manifest.lock\" > /dev/null\nif [ $? != 0 ] ; then\n    # print error to STDERR\n    echo \"error: The sandbox is not in sync with the Podfile.lock. Run 'pod install' or update your CocoaPods installation.\" >&2\n    exit 1\nfi\n";
			showEnvVarsInLog = 0;
		};
		CAEF5C99EE2F98C037D70B60 /* [CP] Embed Pods Frameworks */ = {
			isa = PBXShellScriptBuildPhase;
			buildActionMask = 2147483647;
			files = (
			);
			inputPaths = (
			);
			name = "[CP] Embed Pods Frameworks";
			outputPaths = (
			);
			runOnlyForDeploymentPostprocessing = 0;
			shellPath = /bin/sh;
			shellScript = "\"${SRCROOT}/Pods/Target Support Files/Pods-GooglePlacesAutoComplete/Pods-GooglePlacesAutoComplete-frameworks.sh\"\n";
			showEnvVarsInLog = 0;
		};
/* End PBXShellScriptBuildPhase section */

/* Begin PBXSourcesBuildPhase section */
		3C4793A71E85B9DF00E6F29D /* Sources */ = {
			isa = PBXSourcesBuildPhase;
			buildActionMask = 2147483647;
			files = (
				3C4793B11E85B9DF00E6F29D /* ViewController.swift in Sources */,
				3C4793AF1E85B9DF00E6F29D /* AppDelegate.swift in Sources */,
			);
			runOnlyForDeploymentPostprocessing = 0;
		};
/* End PBXSourcesBuildPhase section */

/* Begin PBXVariantGroup section */
		3C4793B21E85B9DF00E6F29D /* Main.storyboard */ = {
			isa = PBXVariantGroup;
			children = (
				3C4793B31E85B9DF00E6F29D /* Base */,
			);
			name = Main.storyboard;
			sourceTree = "<group>";
		};
		3C4793B71E85B9DF00E6F29D /* LaunchScreen.storyboard */ = {
			isa = PBXVariantGroup;
			children = (
				3C4793B81E85B9DF00E6F29D /* Base */,
			);
			name = LaunchScreen.storyboard;
			sourceTree = "<group>";
		};
/* End PBXVariantGroup section */

/* Begin XCBuildConfiguration section */
		3C4793BB1E85B9DF00E6F29D /* Debug */ = {
			isa = XCBuildConfiguration;
			buildSettings = {
				ALWAYS_SEARCH_USER_PATHS = NO;
				CLANG_ANALYZER_NONNULL = YES;
				CLANG_CXX_LANGUAGE_STANDARD = "gnu++0x";
				CLANG_CXX_LIBRARY = "libc++";
				CLANG_ENABLE_MODULES = YES;
				CLANG_ENABLE_OBJC_ARC = YES;
				CLANG_WARN_BOOL_CONVERSION = YES;
				CLANG_WARN_CONSTANT_CONVERSION = YES;
				CLANG_WARN_DIRECT_OBJC_ISA_USAGE = YES_ERROR;
				CLANG_WARN_DOCUMENTATION_COMMENTS = YES;
				CLANG_WARN_EMPTY_BODY = YES;
				CLANG_WARN_ENUM_CONVERSION = YES;
				CLANG_WARN_INFINITE_RECURSION = YES;
				CLANG_WARN_INT_CONVERSION = YES;
				CLANG_WARN_OBJC_ROOT_CLASS = YES_ERROR;
				CLANG_WARN_SUSPICIOUS_MOVE = YES;
				CLANG_WARN_UNREACHABLE_CODE = YES;
				CLANG_WARN__DUPLICATE_METHOD_MATCH = YES;
				"CODE_SIGN_IDENTITY[sdk=iphoneos*]" = "iPhone Developer";
				COPY_PHASE_STRIP = NO;
				DEBUG_INFORMATION_FORMAT = dwarf;
				ENABLE_STRICT_OBJC_MSGSEND = YES;
				ENABLE_TESTABILITY = YES;
				GCC_C_LANGUAGE_STANDARD = gnu99;
				GCC_DYNAMIC_NO_PIC = NO;
				GCC_NO_COMMON_BLOCKS = YES;
				GCC_OPTIMIZATION_LEVEL = 0;
				GCC_PREPROCESSOR_DEFINITIONS = (
					"DEBUG=1",
					"$(inherited)",
				);
				GCC_WARN_64_TO_32_BIT_CONVERSION = YES;
				GCC_WARN_ABOUT_RETURN_TYPE = YES_ERROR;
				GCC_WARN_UNDECLARED_SELECTOR = YES;
				GCC_WARN_UNINITIALIZED_AUTOS = YES_AGGRESSIVE;
				GCC_WARN_UNUSED_FUNCTION = YES;
				GCC_WARN_UNUSED_VARIABLE = YES;
				IPHONEOS_DEPLOYMENT_TARGET = 10.2;
				MTL_ENABLE_DEBUG_INFO = YES;
				ONLY_ACTIVE_ARCH = YES;
				SDKROOT = iphoneos;
				SWIFT_ACTIVE_COMPILATION_CONDITIONS = DEBUG;
				SWIFT_OPTIMIZATION_LEVEL = "-Onone";
				TARGETED_DEVICE_FAMILY = "1,2";
			};
			name = Debug;
		};
		3C4793BC1E85B9DF00E6F29D /* Release */ = {
			isa = XCBuildConfiguration;
			buildSettings = {
				ALWAYS_SEARCH_USER_PATHS = NO;
				CLANG_ANALYZER_NONNULL = YES;
				CLANG_CXX_LANGUAGE_STANDARD = "gnu++0x";
				CLANG_CXX_LIBRARY = "libc++";
				CLANG_ENABLE_MODULES = YES;
				CLANG_ENABLE_OBJC_ARC = YES;
				CLANG_WARN_BOOL_CONVERSION = YES;
				CLANG_WARN_CONSTANT_CONVERSION = YES;
				CLANG_WARN_DIRECT_OBJC_ISA_USAGE = YES_ERROR;
				CLANG_WARN_DOCUMENTATION_COMMENTS = YES;
				CLANG_WARN_EMPTY_BODY = YES;
				CLANG_WARN_ENUM_CONVERSION = YES;
				CLANG_WARN_INFINITE_RECURSION = YES;
				CLANG_WARN_INT_CONVERSION = YES;
				CLANG_WARN_OBJC_ROOT_CLASS = YES_ERROR;
				CLANG_WARN_SUSPICIOUS_MOVE = YES;
				CLANG_WARN_UNREACHABLE_CODE = YES;
				CLANG_WARN__DUPLICATE_METHOD_MATCH = YES;
				"CODE_SIGN_IDENTITY[sdk=iphoneos*]" = "iPhone Developer";
				COPY_PHASE_STRIP = NO;
				DEBUG_INFORMATION_FORMAT = "dwarf-with-dsym";
				ENABLE_NS_ASSERTIONS = NO;
				ENABLE_STRICT_OBJC_MSGSEND = YES;
				GCC_C_LANGUAGE_STANDARD = gnu99;
				GCC_NO_COMMON_BLOCKS = YES;
				GCC_WARN_64_TO_32_BIT_CONVERSION = YES;
				GCC_WARN_ABOUT_RETURN_TYPE = YES_ERROR;
				GCC_WARN_UNDECLARED_SELECTOR = YES;
				GCC_WARN_UNINITIALIZED_AUTOS = YES_AGGRESSIVE;
				GCC_WARN_UNUSED_FUNCTION = YES;
				GCC_WARN_UNUSED_VARIABLE = YES;
				IPHONEOS_DEPLOYMENT_TARGET = 10.2;
				MTL_ENABLE_DEBUG_INFO = NO;
				SDKROOT = iphoneos;
				SWIFT_OPTIMIZATION_LEVEL = "-Owholemodule";
				TARGETED_DEVICE_FAMILY = "1,2";
				VALIDATE_PRODUCT = YES;
			};
			name = Release;
		};
		3C4793BE1E85B9DF00E6F29D /* Debug */ = {
			isa = XCBuildConfiguration;
			baseConfigurationReference = 36AE994C3A4A1AAAE37423C8 /* Pods-GooglePlacesAutoComplete.debug.xcconfig */;
			buildSettings = {
				ASSETCATALOG_COMPILER_APPICON_NAME = AppIcon;
				INFOPLIST_FILE = GooglePlacesAutoComplete/Info.plist;
				LD_RUNPATH_SEARCH_PATHS = "$(inherited) @executable_path/Frameworks";
				PRODUCT_BUNDLE_IDENTIFIER = fr.demo.places.autocomplete.GooglePlacesAutoComplete;
				PRODUCT_NAME = "$(TARGET_NAME)";
				SWIFT_VERSION = 3.0;
			};
			name = Debug;
		};
		3C4793BF1E85B9DF00E6F29D /* Release */ = {
			isa = XCBuildConfiguration;
			baseConfigurationReference = 3C1D4F856D830C4C0691200F /* Pods-GooglePlacesAutoComplete.release.xcconfig */;
			buildSettings = {
				ASSETCATALOG_COMPILER_APPICON_NAME = AppIcon;
				INFOPLIST_FILE = GooglePlacesAutoComplete/Info.plist;
				LD_RUNPATH_SEARCH_PATHS = "$(inherited) @executable_path/Frameworks";
				PRODUCT_BUNDLE_IDENTIFIER = fr.demo.places.autocomplete.GooglePlacesAutoComplete;
				PRODUCT_NAME = "$(TARGET_NAME)";
				SWIFT_VERSION = 3.0;
			};
			name = Release;
		};
/* End XCBuildConfiguration section */

/* Begin XCConfigurationList section */
		3C4793A61E85B9DE00E6F29D /* Build configuration list for PBXProject "GooglePlacesAutoComplete" */ = {
			isa = XCConfigurationList;
			buildConfigurations = (
				3C4793BB1E85B9DF00E6F29D /* Debug */,
				3C4793BC1E85B9DF00E6F29D /* Release */,
			);
			defaultConfigurationIsVisible = 0;
			defaultConfigurationName = Release;
		};
		3C4793BD1E85B9DF00E6F29D /* Build configuration list for PBXNativeTarget "GooglePlacesAutoComplete" */ = {
			isa = XCConfigurationList;
			buildConfigurations = (
				3C4793BE1E85B9DF00E6F29D /* Debug */,
				3C4793BF1E85B9DF00E6F29D /* Release */,
			);
			defaultConfigurationIsVisible = 0;
		};
/* End XCConfigurationList section */
	};
	rootObject = 3C4793A31E85B9DE00E6F29D /* Project object */;
}
